// !$*UTF8*$!
{
	archiveVersion = 1;
	classes = {
	};
	objectVersion = 50;
	objects = {

/* Begin PBXBuildFile section */
		030DABD42322CA0000FDC505 /* TemplatesTableViewController.swift in Sources */ = {isa = PBXBuildFile; fileRef = 030DABD32322CA0000FDC505 /* TemplatesTableViewController.swift */; };
		030DABD62322D10C00FDC505 /* ViewController.swift in Sources */ = {isa = PBXBuildFile; fileRef = 030DABD52322D10C00FDC505 /* ViewController.swift */; };
		03477EDA231DD7A200E967DE /* AppDelegate.swift in Sources */ = {isa = PBXBuildFile; fileRef = 03477ED9231DD7A200E967DE /* AppDelegate.swift */; };
		03477EDC231DD7A200E967DE /* WorkoutsViewController.swift in Sources */ = {isa = PBXBuildFile; fileRef = 03477EDB231DD7A200E967DE /* WorkoutsViewController.swift */; };
		03477EDF231DD7A200E967DE /* Main.storyboard in Resources */ = {isa = PBXBuildFile; fileRef = 03477EDD231DD7A200E967DE /* Main.storyboard */; };
		03477EE1231DD7A400E967DE /* Assets.xcassets in Resources */ = {isa = PBXBuildFile; fileRef = 03477EE0231DD7A400E967DE /* Assets.xcassets */; };
		03477EE4231DD7A400E967DE /* LaunchScreen.storyboard in Resources */ = {isa = PBXBuildFile; fileRef = 03477EE2231DD7A400E967DE /* LaunchScreen.storyboard */; };
		03FB9EAB2322FA4E00F9D410 /* TemplateItem.swift in Sources */ = {isa = PBXBuildFile; fileRef = 03FB9EAA2322FA4E00F9D410 /* TemplateItem.swift */; };
/* End PBXBuildFile section */

/* Begin PBXFileReference section */
		030DABD32322CA0000FDC505 /* TemplatesTableViewController.swift */ = {isa = PBXFileReference; lastKnownFileType = sourcecode.swift; path = TemplatesTableViewController.swift; sourceTree = "<group>"; };
		030DABD52322D10C00FDC505 /* ViewController.swift */ = {isa = PBXFileReference; lastKnownFileType = sourcecode.swift; path = ViewController.swift; sourceTree = "<group>"; };
		03477ED6231DD7A200E967DE /* Training Log Plus.app */ = {isa = PBXFileReference; explicitFileType = wrapper.application; includeInIndex = 0; path = "Training Log Plus.app"; sourceTree = BUILT_PRODUCTS_DIR; };
		03477ED9231DD7A200E967DE /* AppDelegate.swift */ = {isa = PBXFileReference; lastKnownFileType = sourcecode.swift; path = AppDelegate.swift; sourceTree = "<group>"; };
		03477EDB231DD7A200E967DE /* WorkoutsViewController.swift */ = {isa = PBXFileReference; lastKnownFileType = sourcecode.swift; path = WorkoutsViewController.swift; sourceTree = "<group>"; };
		03477EDE231DD7A200E967DE /* Base */ = {isa = PBXFileReference; lastKnownFileType = file.storyboard; name = Base; path = Base.lproj/Main.storyboard; sourceTree = "<group>"; };
		03477EE0231DD7A400E967DE /* Assets.xcassets */ = {isa = PBXFileReference; lastKnownFileType = folder.assetcatalog; path = Assets.xcassets; sourceTree = "<group>"; };
		03477EE3231DD7A400E967DE /* Base */ = {isa = PBXFileReference; lastKnownFileType = file.storyboard; name = Base; path = Base.lproj/LaunchScreen.storyboard; sourceTree = "<group>"; };
		03477EE5231DD7A400E967DE /* Info.plist */ = {isa = PBXFileReference; lastKnownFileType = text.plist.xml; path = Info.plist; sourceTree = "<group>"; };
		03FB9EAA2322FA4E00F9D410 /* TemplateItem.swift */ = {isa = PBXFileReference; lastKnownFileType = sourcecode.swift; path = TemplateItem.swift; sourceTree = "<group>"; };
/* End PBXFileReference section */

/* Begin PBXFrameworksBuildPhase section */
		03477ED3231DD7A200E967DE /* Frameworks */ = {
			isa = PBXFrameworksBuildPhase;
			buildActionMask = 2147483647;
			files = (
			);
			runOnlyForDeploymentPostprocessing = 0;
		};
/* End PBXFrameworksBuildPhase section */

/* Begin PBXGroup section */
		03477ECD231DD7A200E967DE = {
			isa = PBXGroup;
			children = (
				03477ED8231DD7A200E967DE /* Training Log Plus */,
				03477ED7231DD7A200E967DE /* Products */,
			);
			sourceTree = "<group>";
		};
		03477ED7231DD7A200E967DE /* Products */ = {
			isa = PBXGroup;
			children = (
				03477ED6231DD7A200E967DE /* Training Log Plus.app */,
			);
			name = Products;
			sourceTree = "<group>";
		};
		03477ED8231DD7A200E967DE /* Training Log Plus */ = {
			isa = PBXGroup;
			children = (
				03477EDD231DD7A200E967DE /* Main.storyboard */,
				030DABD52322D10C00FDC505 /* ViewController.swift */,
				03477ED9231DD7A200E967DE /* AppDelegate.swift */,
				03477EE0231DD7A400E967DE /* Assets.xcassets */,
				03477EE2231DD7A400E967DE /* LaunchScreen.storyboard */,
				03477EE5231DD7A400E967DE /* Info.plist */,
				03FB9EB12322FC8900F9D410 /* Settings */,
				03FB9EB02322FC8300F9D410 /* Progress */,
				03FB9EAF2322FC7E00F9D410 /* Workouts */,
				03FB9EAE2322FC7300F9D410 /* Templates */,
			);
			path = "Training Log Plus";
			sourceTree = "<group>";
		};
		03FB9EAE2322FC7300F9D410 /* Templates */ = {
			isa = PBXGroup;
			children = (
				030DABD32322CA0000FDC505 /* TemplatesTableViewController.swift */,
				03FB9EAA2322FA4E00F9D410 /* TemplateItem.swift */,
			);
			path = Templates;
			sourceTree = "<group>";
		};
		03FB9EAF2322FC7E00F9D410 /* Workouts */ = {
			isa = PBXGroup;
			children = (
				03477EDB231DD7A200E967DE /* WorkoutsViewController.swift */,
			);
			path = Workouts;
			sourceTree = "<group>";
		};
		03FB9EB02322FC8300F9D410 /* Progress */ = {
			isa = PBXGroup;
			children = (
			);
			path = Progress;
			sourceTree = "<group>";
		};
		03FB9EB12322FC8900F9D410 /* Settings */ = {
			isa = PBXGroup;
			children = (
			);
			path = Settings;
			sourceTree = "<group>";
		};
/* End PBXGroup section */

/* Begin PBXNativeTarget section */
		03477ED5231DD7A200E967DE /* Training Log Plus */ = {
			isa = PBXNativeTarget;
			buildConfigurationList = 03477EE8231DD7A400E967DE /* Build configuration list for PBXNativeTarget "Training Log Plus" */;
			buildPhases = (
				03477ED2231DD7A200E967DE /* Sources */,
				03477ED3231DD7A200E967DE /* Frameworks */,
				03477ED4231DD7A200E967DE /* Resources */,
			);
			buildRules = (
			);
			dependencies = (
			);
			name = "Training Log Plus";
			productName = "Training Log Plus";
			productReference = 03477ED6231DD7A200E967DE /* Training Log Plus.app */;
			productType = "com.apple.product-type.application";
		};
/* End PBXNativeTarget section */

/* Begin PBXProject section */
		03477ECE231DD7A200E967DE /* Project object */ = {
			isa = PBXProject;
			attributes = {
				LastSwiftUpdateCheck = 1030;
				LastUpgradeCheck = 1030;
				ORGANIZATIONNAME = JoshElliott;
				TargetAttributes = {
					03477ED5231DD7A200E967DE = {
						CreatedOnToolsVersion = 10.3;
					};
				};
			};
			buildConfigurationList = 03477ED1231DD7A200E967DE /* Build configuration list for PBXProject "Training Log Plus" */;
			compatibilityVersion = "Xcode 9.3";
			developmentRegion = en;
			hasScannedForEncodings = 0;
			knownRegions = (
				en,
				Base,
			);
			mainGroup = 03477ECD231DD7A200E967DE;
			productRefGroup = 03477ED7231DD7A200E967DE /* Products */;
			projectDirPath = "";
			projectRoot = "";
			targets = (
				03477ED5231DD7A200E967DE /* Training Log Plus */,
			);
		};
/* End PBXProject section */

/* Begin PBXResourcesBuildPhase section */
		03477ED4231DD7A200E967DE /* Resources */ = {
			isa = PBXResourcesBuildPhase;
			buildActionMask = 2147483647;
			files = (
				03477EE4231DD7A400E967DE /* LaunchScreen.storyboard in Resources */,
				03477EE1231DD7A400E967DE /* Assets.xcassets in Resources */,
				03477EDF231DD7A200E967DE /* Main.storyboard in Resources */,
			);
			runOnlyForDeploymentPostprocessing = 0;
		};
/* End PBXResourcesBuildPhase section */

/* Begin PBXSourcesBuildPhase section */
		03477ED2231DD7A200E967DE /* Sources */ = {
			isa = PBXSourcesBuildPhase;
			buildActionMask = 2147483647;
			files = (
				030DABD42322CA0000FDC505 /* TemplatesTableViewController.swift in Sources */,
				03FB9EAB2322FA4E00F9D410 /* TemplateItem.swift in Sources */,
				03477EDC231DD7A200E967DE /* WorkoutsViewController.swift in Sources */,
				030DABD62322D10C00FDC505 /* ViewController.swift in Sources */,
				03477EDA231DD7A200E967DE /* AppDelegate.swift in Sources */,
			);
			runOnlyForDeploymentPostprocessing = 0;
		};
/* End PBXSourcesBuildPhase section */

/* Begin PBXVariantGroup section */
		03477EDD231DD7A200E967DE /* Main.storyboard */ = {
			isa = PBXVariantGroup;
			children = (
				03477EDE231DD7A200E967DE /* Base */,
			);
			name = Main.storyboard;
			sourceTree = "<group>";
		};
		03477EE2231DD7A400E967DE /* LaunchScreen.storyboard */ = {
			isa = PBXVariantGroup;
			children = (
				03477EE3231DD7A400E967DE /* Base */,
			);
			name = LaunchScreen.storyboard;
			sourceTree = "<group>";
		};
/* End PBXVariantGroup section */

/* Begin XCBuildConfiguration section */
		03477EE6231DD7A400E967DE /* Debug */ = {
			isa = XCBuildConfiguration;
			buildSettings = {
				ALWAYS_SEARCH_USER_PATHS = NO;
				CLANG_ANALYZER_NONNULL = YES;
				CLANG_ANALYZER_NUMBER_OBJECT_CONVERSION = YES_AGGRESSIVE;
				CLANG_CXX_LANGUAGE_STANDARD = "gnu++14";
				CLANG_CXX_LIBRARY = "libc++";
				CLANG_ENABLE_MODULES = YES;
				CLANG_ENABLE_OBJC_ARC = YES;
				CLANG_ENABLE_OBJC_WEAK = YES;
				CLANG_WARN_BLOCK_CAPTURE_AUTORELEASING = YES;
				CLANG_WARN_BOOL_CONVERSION = YES;
				CLANG_WARN_COMMA = YES;
				CLANG_WARN_CONSTANT_CONVERSION = YES;
				CLANG_WARN_DEPRECATED_OBJC_IMPLEMENTATIONS = YES;
				CLANG_WARN_DIRECT_OBJC_ISA_USAGE = YES_ERROR;
				CLANG_WARN_DOCUMENTATION_COMMENTS = YES;
				CLANG_WARN_EMPTY_BODY = YES;
				CLANG_WARN_ENUM_CONVERSION = YES;
				CLANG_WARN_INFINITE_RECURSION = YES;
				CLANG_WARN_INT_CONVERSION = YES;
				CLANG_WARN_NON_LITERAL_NULL_CONVERSION = YES;
				CLANG_WARN_OBJC_IMPLICIT_RETAIN_SELF = YES;
				CLANG_WARN_OBJC_LITERAL_CONVERSION = YES;
				CLANG_WARN_OBJC_ROOT_CLASS = YES_ERROR;
				CLANG_WARN_RANGE_LOOP_ANALYSIS = YES;
				CLANG_WARN_STRICT_PROTOTYPES = YES;
				CLANG_WARN_SUSPICIOUS_MOVE = YES;
				CLANG_WARN_UNGUARDED_AVAILABILITY = YES_AGGRESSIVE;
				CLANG_WARN_UNREACHABLE_CODE = YES;
				CLANG_WARN__DUPLICATE_METHOD_MATCH = YES;
				CODE_SIGN_IDENTITY = "iPhone Developer";
				COPY_PHASE_STRIP = NO;
				DEBUG_INFORMATION_FORMAT = dwarf;
				ENABLE_STRICT_OBJC_MSGSEND = YES;
				ENABLE_TESTABILITY = YES;
				GCC_C_LANGUAGE_STANDARD = gnu11;
				GCC_DYNAMIC_NO_PIC = NO;
				GCC_NO_COMMON_BLOCKS = YES;
				GCC_OPTIMIZATION_LEVEL = 0;
				GCC_PREPROCESSOR_DEFINITIONS = (
					"DEBUG=1",
					"$(inherited)",
				);
				GCC_WARN_64_TO_32_BIT_CONVERSION = YES;
				GCC_WARN_ABOUT_RETURN_TYPE = YES_ERROR;
				GCC_WARN_UNDECLARED_SELECTOR = YES;
				GCC_WARN_UNINITIALIZED_AUTOS = YES_AGGRESSIVE;
				GCC_WARN_UNUSED_FUNCTION = YES;
				GCC_WARN_UNUSED_VARIABLE = YES;
				IPHONEOS_DEPLOYMENT_TARGET = 12.4;
				MTL_ENABLE_DEBUG_INFO = INCLUDE_SOURCE;
				MTL_FAST_MATH = YES;
				ONLY_ACTIVE_ARCH = YES;
				SDKROOT = iphoneos;
				SWIFT_ACTIVE_COMPILATION_CONDITIONS = DEBUG;
				SWIFT_OPTIMIZATION_LEVEL = "-Onone";
			};
			name = Debug;
		};
		03477EE7231DD7A400E967DE /* Release */ = {
			isa = XCBuildConfiguration;
			buildSettings = {
				ALWAYS_SEARCH_USER_PATHS = NO;
				CLANG_ANALYZER_NONNULL = YES;
				CLANG_ANALYZER_NUMBER_OBJECT_CONVERSION = YES_AGGRESSIVE;
				CLANG_CXX_LANGUAGE_STANDARD = "gnu++14";
				CLANG_CXX_LIBRARY = "libc++";
				CLANG_ENABLE_MODULES = YES;
				CLANG_ENABLE_OBJC_ARC = YES;
				CLANG_ENABLE_OBJC_WEAK = YES;
				CLANG_WARN_BLOCK_CAPTURE_AUTORELEASING = YES;
				CLANG_WARN_BOOL_CONVERSION = YES;
				CLANG_WARN_COMMA = YES;
				CLANG_WARN_CONSTANT_CONVERSION = YES;
				CLANG_WARN_DEPRECATED_OBJC_IMPLEMENTATIONS = YES;
				CLANG_WARN_DIRECT_OBJC_ISA_USAGE = YES_ERROR;
				CLANG_WARN_DOCUMENTATION_COMMENTS = YES;
				CLANG_WARN_EMPTY_BODY = YES;
				CLANG_WARN_ENUM_CONVERSION = YES;
				CLANG_WARN_INFINITE_RECURSION = YES;
				CLANG_WARN_INT_CONVERSION = YES;
				CLANG_WARN_NON_LITERAL_NULL_CONVERSION = YES;
				CLANG_WARN_OBJC_IMPLICIT_RETAIN_SELF = YES;
				CLANG_WARN_OBJC_LITERAL_CONVERSION = YES;
				CLANG_WARN_OBJC_ROOT_CLASS = YES_ERROR;
				CLANG_WARN_RANGE_LOOP_ANALYSIS = YES;
				CLANG_WARN_STRICT_PROTOTYPES = YES;
				CLANG_WARN_SUSPICIOUS_MOVE = YES;
				CLANG_WARN_UNGUARDED_AVAILABILITY = YES_AGGRESSIVE;
				CLANG_WARN_UNREACHABLE_CODE = YES;
				CLANG_WARN__DUPLICATE_METHOD_MATCH = YES;
				CODE_SIGN_IDENTITY = "iPhone Developer";
				COPY_PHASE_STRIP = NO;
				DEBUG_INFORMATION_FORMAT = "dwarf-with-dsym";
				ENABLE_NS_ASSERTIONS = NO;
				ENABLE_STRICT_OBJC_MSGSEND = YES;
				GCC_C_LANGUAGE_STANDARD = gnu11;
				GCC_NO_COMMON_BLOCKS = YES;
				GCC_WARN_64_TO_32_BIT_CONVERSION = YES;
				GCC_WARN_ABOUT_RETURN_TYPE = YES_ERROR;
				GCC_WARN_UNDECLARED_SELECTOR = YES;
				GCC_WARN_UNINITIALIZED_AUTOS = YES_AGGRESSIVE;
				GCC_WARN_UNUSED_FUNCTION = YES;
				GCC_WARN_UNUSED_VARIABLE = YES;
				IPHONEOS_DEPLOYMENT_TARGET = 12.4;
				MTL_ENABLE_DEBUG_INFO = NO;
				MTL_FAST_MATH = YES;
				SDKROOT = iphoneos;
				SWIFT_COMPILATION_MODE = wholemodule;
				SWIFT_OPTIMIZATION_LEVEL = "-O";
				VALIDATE_PRODUCT = YES;
			};
			name = Release;
		};
		03477EE9231DD7A400E967DE /* Debug */ = {
			isa = XCBuildConfiguration;
			buildSettings = {
				ASSETCATALOG_COMPILER_APPICON_NAME = AppIcon;
				CODE_SIGN_STYLE = Automatic;
				INFOPLIST_FILE = "Training Log Plus/Info.plist";
				LD_RUNPATH_SEARCH_PATHS = (
					"$(inherited)",
					"@executable_path/Frameworks",
				);
				PRODUCT_BUNDLE_IDENTIFIER = "com.JoshElliott.Training-Log-Plus";
				PRODUCT_NAME = "$(TARGET_NAME)";
				SWIFT_VERSION = 5.0;
				TARGETED_DEVICE_FAMILY = "1,2";
			};
			name = Debug;
		};
		03477EEA231DD7A400E967DE /* Release */ = {
			isa = XCBuildConfiguration;
			buildSettings = {
				ASSETCATALOG_COMPILER_APPICON_NAME = AppIcon;
				CODE_SIGN_STYLE = Automatic;
				INFOPLIST_FILE = "Training Log Plus/Info.plist";
				LD_RUNPATH_SEARCH_PATHS = (
					"$(inherited)",
					"@executable_path/Frameworks",
				);
				PRODUCT_BUNDLE_IDENTIFIER = "com.JoshElliott.Training-Log-Plus";
				PRODUCT_NAME = "$(TARGET_NAME)";
				SWIFT_VERSION = 5.0;
				TARGETED_DEVICE_FAMILY = "1,2";
			};
			name = Release;
		};
/* End XCBuildConfiguration section */

/* Begin XCConfigurationList section */
		03477ED1231DD7A200E967DE /* Build configuration list for PBXProject "Training Log Plus" */ = {
			isa = XCConfigurationList;
			buildConfigurations = (
				03477EE6231DD7A400E967DE /* Debug */,
				03477EE7231DD7A400E967DE /* Release */,
			);
			defaultConfigurationIsVisible = 0;
			defaultConfigurationName = Release;
		};
		03477EE8231DD7A400E967DE /* Build configuration list for PBXNativeTarget "Training Log Plus" */ = {
			isa = XCConfigurationList;
			buildConfigurations = (
				03477EE9231DD7A400E967DE /* Debug */,
				03477EEA231DD7A400E967DE /* Release */,
			);
			defaultConfigurationIsVisible = 0;
			defaultConfigurationName = Release;
		};
/* End XCConfigurationList section */
	};
	rootObject = 03477ECE231DD7A200E967DE /* Project object */;
}
