// !$*UTF8*$!
{
	archiveVersion = 1;
	classes = {
	};
	objectVersion = 50;
	objects = {

/* Begin PBXBuildFile section */
		030DABD42322CA0000FDC505 /* TemplateParent_VC.swift in Sources */ = {isa = PBXBuildFile; fileRef = 030DABD32322CA0000FDC505 /* TemplateParent_VC.swift */; };
		030DABD62322D10C00FDC505 /* ViewController.swift in Sources */ = {isa = PBXBuildFile; fileRef = 030DABD52322D10C00FDC505 /* ViewController.swift */; };
		03188E08232803E6007302F7 /* Progress_VC.swift in Sources */ = {isa = PBXBuildFile; fileRef = 03188E07232803E6007302F7 /* Progress_VC.swift */; };
		033C28262346872800A73B69 /* WorkoutDay.swift in Sources */ = {isa = PBXBuildFile; fileRef = 033C28252346872800A73B69 /* WorkoutDay.swift */; };
		033C282A2346893000A73B69 /* ItemDetailWorkout_VC.swift in Sources */ = {isa = PBXBuildFile; fileRef = 033C28292346893000A73B69 /* ItemDetailWorkout_VC.swift */; };
		03477EDA231DD7A200E967DE /* AppDelegate.swift in Sources */ = {isa = PBXBuildFile; fileRef = 03477ED9231DD7A200E967DE /* AppDelegate.swift */; };
		03477EDF231DD7A200E967DE /* Main.storyboard in Resources */ = {isa = PBXBuildFile; fileRef = 03477EDD231DD7A200E967DE /* Main.storyboard */; };
		03477EE1231DD7A400E967DE /* Assets.xcassets in Resources */ = {isa = PBXBuildFile; fileRef = 03477EE0231DD7A400E967DE /* Assets.xcassets */; };
		03477EE4231DD7A400E967DE /* LaunchScreen.storyboard in Resources */ = {isa = PBXBuildFile; fileRef = 03477EE2231DD7A400E967DE /* LaunchScreen.storyboard */; };
		0377F5FF2357E6AE0015AEDB /* TrainingMaxCalc_VC.swift in Sources */ = {isa = PBXBuildFile; fileRef = 0377F5FE2357E6AE0015AEDB /* TrainingMaxCalc_VC.swift */; };
		0377F6052358087B0015AEDB /* TMCell.swift in Sources */ = {isa = PBXBuildFile; fileRef = 0377F6042358087B0015AEDB /* TMCell.swift */; };
		03B2D801235BD2D600005CC5 /* CurrentWorkout_Exercise_TVC.swift in Sources */ = {isa = PBXBuildFile; fileRef = 03B2D800235BD2D600005CC5 /* CurrentWorkout_Exercise_TVC.swift */; };
		03B2D805235BD38F00005CC5 /* AmrapPerformance_VC.swift in Sources */ = {isa = PBXBuildFile; fileRef = 03B2D804235BD38F00005CC5 /* AmrapPerformance_VC.swift */; };
		03B2D807235BD58200005CC5 /* AmrapPerformance_TVCell.swift in Sources */ = {isa = PBXBuildFile; fileRef = 03B2D806235BD58200005CC5 /* AmrapPerformance_TVCell.swift */; };
		03B2D809235BD5B600005CC5 /* BodyBuildingPerformance_TVCell.swift in Sources */ = {isa = PBXBuildFile; fileRef = 03B2D808235BD5B600005CC5 /* BodyBuildingPerformance_TVCell.swift */; };
		03B2D80B235BD67400005CC5 /* BodyBuildingPerformance_TVC.swift in Sources */ = {isa = PBXBuildFile; fileRef = 03B2D80A235BD67300005CC5 /* BodyBuildingPerformance_TVC.swift */; };
		03B2D80D235BD6C600005CC5 /* ExerciseAMRAP_TableViewCell.swift in Sources */ = {isa = PBXBuildFile; fileRef = 03B2D80C235BD6C600005CC5 /* ExerciseAMRAP_TableViewCell.swift */; };
		03B2D80F235BD6DB00005CC5 /* ExerciseBB_TableViewCell.swift in Sources */ = {isa = PBXBuildFile; fileRef = 03B2D80E235BD6DB00005CC5 /* ExerciseBB_TableViewCell.swift */; };
		03B2D811235BD6F100005CC5 /* ExerciseRepsAndDone_TableViewCell.swift in Sources */ = {isa = PBXBuildFile; fileRef = 03B2D810235BD6F100005CC5 /* ExerciseRepsAndDone_TableViewCell.swift */; };
		03B2D813235BD7E700005CC5 /* ChangeTemplate_TVCell.swift in Sources */ = {isa = PBXBuildFile; fileRef = 03B2D812235BD7E700005CC5 /* ChangeTemplate_TVCell.swift */; };
		03B2D817235BDC6C00005CC5 /* AddExerciseToData_TVC.swift in Sources */ = {isa = PBXBuildFile; fileRef = 03B2D816235BDC6C00005CC5 /* AddExerciseToData_TVC.swift */; };
		03B984E0233BE03F00656CFA /* Attempt.swift in Sources */ = {isa = PBXBuildFile; fileRef = 03B984DF233BE03F00656CFA /* Attempt.swift */; };
		03B984E2233BE16C00656CFA /* Exercise.swift in Sources */ = {isa = PBXBuildFile; fileRef = 03B984E1233BE16C00656CFA /* Exercise.swift */; };
		03BB32CA2325903300C712D1 /* TemplateList.swift in Sources */ = {isa = PBXBuildFile; fileRef = 03BB32C92325903300C712D1 /* TemplateList.swift */; };
		03BB32CC2325A52F00C712D1 /* ItemDetail_VC.swift in Sources */ = {isa = PBXBuildFile; fileRef = 03BB32CB2325A52F00C712D1 /* ItemDetail_VC.swift */; };
		03F1D0772329701700B63042 /* SelectProgressExercises_VC.swift in Sources */ = {isa = PBXBuildFile; fileRef = 03F1D0762329701700B63042 /* SelectProgressExercises_VC.swift */; };
		03FB9EAB2322FA4E00F9D410 /* TemplateItem.swift in Sources */ = {isa = PBXBuildFile; fileRef = 03FB9EAA2322FA4E00F9D410 /* TemplateItem.swift */; };
		052D19F32343A6F4003183B4 /* WorkoutList.swift in Sources */ = {isa = PBXBuildFile; fileRef = 052D19F22343A6F4003183B4 /* WorkoutList.swift */; };
		052D19F52343A789003183B4 /* WorkoutListItem_OBJ.swift in Sources */ = {isa = PBXBuildFile; fileRef = 052D19F42343A789003183B4 /* WorkoutListItem_OBJ.swift */; };
		052D19F72343A90F003183B4 /* WorkoutList_TVCell.swift in Sources */ = {isa = PBXBuildFile; fileRef = 052D19F62343A90F003183B4 /* WorkoutList_TVCell.swift */; };
		052D409F2359153100667D2E /* Exercises_TVC.swift in Sources */ = {isa = PBXBuildFile; fileRef = 052D409E2359153100667D2E /* Exercises_TVC.swift */; };
		05B3505B233D64490029234D /* TemplateList_TVCell.swift in Sources */ = {isa = PBXBuildFile; fileRef = 05B3505A233D64490029234D /* TemplateList_TVCell.swift */; };
		05CBE50D2357796D00E766F8 /* Workout_VC.swift in Sources */ = {isa = PBXBuildFile; fileRef = 05CBE50C2357796D00E766F8 /* Workout_VC.swift */; };
		05CBE50F23577EA400E766F8 /* CurrentWorkout_VC.swift in Sources */ = {isa = PBXBuildFile; fileRef = 05CBE50E23577EA400E766F8 /* CurrentWorkout_VC.swift */; };
		05CBE51123577EC300E766F8 /* ChangeTemplate_VC.swift in Sources */ = {isa = PBXBuildFile; fileRef = 05CBE51023577EC300E766F8 /* ChangeTemplate_VC.swift */; };
		05CBE51323577ECC00E766F8 /* CustomWorkout_VC.swift in Sources */ = {isa = PBXBuildFile; fileRef = 05CBE51223577ECC00E766F8 /* CustomWorkout_VC.swift */; };
		05E06532235918CA00807493 /* Calced_TVCell.swift in Sources */ = {isa = PBXBuildFile; fileRef = 05E06531235918CA00807493 /* Calced_TVCell.swift */; };
/* End PBXBuildFile section */

/* Begin PBXFileReference section */
		030DABD32322CA0000FDC505 /* TemplateParent_VC.swift */ = {isa = PBXFileReference; lastKnownFileType = sourcecode.swift; path = TemplateParent_VC.swift; sourceTree = "<group>"; };
		030DABD52322D10C00FDC505 /* ViewController.swift */ = {isa = PBXFileReference; lastKnownFileType = sourcecode.swift; path = ViewController.swift; sourceTree = "<group>"; };
		03188E07232803E6007302F7 /* Progress_VC.swift */ = {isa = PBXFileReference; lastKnownFileType = sourcecode.swift; path = Progress_VC.swift; sourceTree = "<group>"; };
		033C28252346872800A73B69 /* WorkoutDay.swift */ = {isa = PBXFileReference; lastKnownFileType = sourcecode.swift; path = WorkoutDay.swift; sourceTree = "<group>"; };
		033C28292346893000A73B69 /* ItemDetailWorkout_VC.swift */ = {isa = PBXFileReference; lastKnownFileType = sourcecode.swift; path = ItemDetailWorkout_VC.swift; sourceTree = "<group>"; };
		03477ED6231DD7A200E967DE /* Training Log Plus.app */ = {isa = PBXFileReference; explicitFileType = wrapper.application; includeInIndex = 0; path = "Training Log Plus.app"; sourceTree = BUILT_PRODUCTS_DIR; };
		03477ED9231DD7A200E967DE /* AppDelegate.swift */ = {isa = PBXFileReference; lastKnownFileType = sourcecode.swift; path = AppDelegate.swift; sourceTree = "<group>"; };
		03477EDE231DD7A200E967DE /* Base */ = {isa = PBXFileReference; lastKnownFileType = file.storyboard; name = Base; path = Base.lproj/Main.storyboard; sourceTree = "<group>"; };
		03477EE0231DD7A400E967DE /* Assets.xcassets */ = {isa = PBXFileReference; lastKnownFileType = folder.assetcatalog; path = Assets.xcassets; sourceTree = "<group>"; };
		03477EE3231DD7A400E967DE /* Base */ = {isa = PBXFileReference; lastKnownFileType = file.storyboard; name = Base; path = Base.lproj/LaunchScreen.storyboard; sourceTree = "<group>"; };
		03477EE5231DD7A400E967DE /* Info.plist */ = {isa = PBXFileReference; lastKnownFileType = text.plist.xml; path = Info.plist; sourceTree = "<group>"; };
		0377F5FE2357E6AE0015AEDB /* TrainingMaxCalc_VC.swift */ = {isa = PBXFileReference; fileEncoding = 4; lastKnownFileType = sourcecode.swift; path = TrainingMaxCalc_VC.swift; sourceTree = "<group>"; };
		0377F6042358087B0015AEDB /* TMCell.swift */ = {isa = PBXFileReference; lastKnownFileType = sourcecode.swift; path = TMCell.swift; sourceTree = "<group>"; };
		03B2D800235BD2D600005CC5 /* CurrentWorkout_Exercise_TVC.swift */ = {isa = PBXFileReference; lastKnownFileType = sourcecode.swift; path = CurrentWorkout_Exercise_TVC.swift; sourceTree = "<group>"; };
		03B2D804235BD38F00005CC5 /* AmrapPerformance_VC.swift */ = {isa = PBXFileReference; lastKnownFileType = sourcecode.swift; path = AmrapPerformance_VC.swift; sourceTree = "<group>"; };
		03B2D806235BD58200005CC5 /* AmrapPerformance_TVCell.swift */ = {isa = PBXFileReference; lastKnownFileType = sourcecode.swift; path = AmrapPerformance_TVCell.swift; sourceTree = "<group>"; };
		03B2D808235BD5B600005CC5 /* BodyBuildingPerformance_TVCell.swift */ = {isa = PBXFileReference; lastKnownFileType = sourcecode.swift; path = BodyBuildingPerformance_TVCell.swift; sourceTree = "<group>"; };
		03B2D80A235BD67300005CC5 /* BodyBuildingPerformance_TVC.swift */ = {isa = PBXFileReference; fileEncoding = 4; lastKnownFileType = sourcecode.swift; path = BodyBuildingPerformance_TVC.swift; sourceTree = "<group>"; };
		03B2D80C235BD6C600005CC5 /* ExerciseAMRAP_TableViewCell.swift */ = {isa = PBXFileReference; lastKnownFileType = sourcecode.swift; path = ExerciseAMRAP_TableViewCell.swift; sourceTree = "<group>"; };
		03B2D80E235BD6DB00005CC5 /* ExerciseBB_TableViewCell.swift */ = {isa = PBXFileReference; lastKnownFileType = sourcecode.swift; path = ExerciseBB_TableViewCell.swift; sourceTree = "<group>"; };
		03B2D810235BD6F100005CC5 /* ExerciseRepsAndDone_TableViewCell.swift */ = {isa = PBXFileReference; lastKnownFileType = sourcecode.swift; path = ExerciseRepsAndDone_TableViewCell.swift; sourceTree = "<group>"; };
		03B2D812235BD7E700005CC5 /* ChangeTemplate_TVCell.swift */ = {isa = PBXFileReference; lastKnownFileType = sourcecode.swift; path = ChangeTemplate_TVCell.swift; sourceTree = "<group>"; };
		03B2D816235BDC6C00005CC5 /* AddExerciseToData_TVC.swift */ = {isa = PBXFileReference; lastKnownFileType = sourcecode.swift; path = AddExerciseToData_TVC.swift; sourceTree = "<group>"; };
		03B984DF233BE03F00656CFA /* Attempt.swift */ = {isa = PBXFileReference; lastKnownFileType = sourcecode.swift; path = Attempt.swift; sourceTree = "<group>"; };
		03B984E1233BE16C00656CFA /* Exercise.swift */ = {isa = PBXFileReference; lastKnownFileType = sourcecode.swift; path = Exercise.swift; sourceTree = "<group>"; };
		03BB32C92325903300C712D1 /* TemplateList.swift */ = {isa = PBXFileReference; lastKnownFileType = sourcecode.swift; path = TemplateList.swift; sourceTree = "<group>"; };
		03BB32CB2325A52F00C712D1 /* ItemDetail_VC.swift */ = {isa = PBXFileReference; lastKnownFileType = sourcecode.swift; path = ItemDetail_VC.swift; sourceTree = "<group>"; };
		03F1D0762329701700B63042 /* SelectProgressExercises_VC.swift */ = {isa = PBXFileReference; lastKnownFileType = sourcecode.swift; path = SelectProgressExercises_VC.swift; sourceTree = "<group>"; };
		03FB9EAA2322FA4E00F9D410 /* TemplateItem.swift */ = {isa = PBXFileReference; lastKnownFileType = sourcecode.swift; path = TemplateItem.swift; sourceTree = "<group>"; };
		052D19F22343A6F4003183B4 /* WorkoutList.swift */ = {isa = PBXFileReference; lastKnownFileType = sourcecode.swift; path = WorkoutList.swift; sourceTree = "<group>"; };
		052D19F42343A789003183B4 /* WorkoutListItem_OBJ.swift */ = {isa = PBXFileReference; lastKnownFileType = sourcecode.swift; path = WorkoutListItem_OBJ.swift; sourceTree = "<group>"; };
		052D19F62343A90F003183B4 /* WorkoutList_TVCell.swift */ = {isa = PBXFileReference; lastKnownFileType = sourcecode.swift; path = WorkoutList_TVCell.swift; sourceTree = "<group>"; };
		052D409E2359153100667D2E /* Exercises_TVC.swift */ = {isa = PBXFileReference; fileEncoding = 4; lastKnownFileType = sourcecode.swift; path = Exercises_TVC.swift; sourceTree = "<group>"; };
		05B3505A233D64490029234D /* TemplateList_TVCell.swift */ = {isa = PBXFileReference; lastKnownFileType = sourcecode.swift; path = TemplateList_TVCell.swift; sourceTree = "<group>"; };
		05CBE50C2357796D00E766F8 /* Workout_VC.swift */ = {isa = PBXFileReference; lastKnownFileType = sourcecode.swift; path = Workout_VC.swift; sourceTree = "<group>"; };
		05CBE50E23577EA400E766F8 /* CurrentWorkout_VC.swift */ = {isa = PBXFileReference; lastKnownFileType = sourcecode.swift; path = CurrentWorkout_VC.swift; sourceTree = "<group>"; };
		05CBE51023577EC300E766F8 /* ChangeTemplate_VC.swift */ = {isa = PBXFileReference; lastKnownFileType = sourcecode.swift; path = ChangeTemplate_VC.swift; sourceTree = "<group>"; };
		05CBE51223577ECC00E766F8 /* CustomWorkout_VC.swift */ = {isa = PBXFileReference; lastKnownFileType = sourcecode.swift; path = CustomWorkout_VC.swift; sourceTree = "<group>"; };
		05E06531235918CA00807493 /* Calced_TVCell.swift */ = {isa = PBXFileReference; fileEncoding = 4; lastKnownFileType = sourcecode.swift; path = Calced_TVCell.swift; sourceTree = "<group>"; };
/* End PBXFileReference section */

/* Begin PBXFrameworksBuildPhase section */
		03477ED3231DD7A200E967DE /* Frameworks */ = {
			isa = PBXFrameworksBuildPhase;
			buildActionMask = 2147483647;
			files = (
			);
			runOnlyForDeploymentPostprocessing = 0;
		};
/* End PBXFrameworksBuildPhase section */

/* Begin PBXGroup section */
		03477ECD231DD7A200E967DE = {
			isa = PBXGroup;
			children = (
				03477ED8231DD7A200E967DE /* Training Log Plus */,
				03477ED7231DD7A200E967DE /* Products */,
			);
			sourceTree = "<group>";
		};
		03477ED7231DD7A200E967DE /* Products */ = {
			isa = PBXGroup;
			children = (
				03477ED6231DD7A200E967DE /* Training Log Plus.app */,
			);
			name = Products;
			sourceTree = "<group>";
		};
		03477ED8231DD7A200E967DE /* Training Log Plus */ = {
			isa = PBXGroup;
			children = (
				03477EDD231DD7A200E967DE /* Main.storyboard */,
				030DABD52322D10C00FDC505 /* ViewController.swift */,
				03477ED9231DD7A200E967DE /* AppDelegate.swift */,
				03477EE0231DD7A400E967DE /* Assets.xcassets */,
				03477EE2231DD7A400E967DE /* LaunchScreen.storyboard */,
				03477EE5231DD7A400E967DE /* Info.plist */,
				03FB9EB12322FC8900F9D410 /* Exercises Tab */,
				03FB9EB02322FC8300F9D410 /* Progress Tab */,
				03FB9EAF2322FC7E00F9D410 /* Workouts Tab */,
				03FB9EAE2322FC7300F9D410 /* Templates Tab */,
				05CBE50B2357738600E766F8 /* Settings Tab */,
				03B984DE233BE02300656CFA /* Utility */,
			);
			path = "Training Log Plus";
			sourceTree = "<group>";
		};
		03B2D7FF235BD22100005CC5 /* Custom Workout */ = {
			isa = PBXGroup;
			children = (
				05CBE51223577ECC00E766F8 /* CustomWorkout_VC.swift */,
			);
			path = "Custom Workout";
			sourceTree = "<group>";
		};
		03B2D814235BD86B00005CC5 /* Exercise */ = {
			isa = PBXGroup;
			children = (
				03B2D80E235BD6DB00005CC5 /* ExerciseBB_TableViewCell.swift */,
				03B2D80C235BD6C600005CC5 /* ExerciseAMRAP_TableViewCell.swift */,
				03B2D810235BD6F100005CC5 /* ExerciseRepsAndDone_TableViewCell.swift */,
			);
			path = Exercise;
			sourceTree = "<group>";
		};
		03B2D815235BD88600005CC5 /* Performance Views */ = {
			isa = PBXGroup;
			children = (
				03B2D804235BD38F00005CC5 /* AmrapPerformance_VC.swift */,
				03B2D806235BD58200005CC5 /* AmrapPerformance_TVCell.swift */,
				03B2D808235BD5B600005CC5 /* BodyBuildingPerformance_TVCell.swift */,
				03B2D80A235BD67300005CC5 /* BodyBuildingPerformance_TVC.swift */,
			);
			path = "Performance Views";
			sourceTree = "<group>";
		};
		03B984DE233BE02300656CFA /* Utility */ = {
			isa = PBXGroup;
			children = (
				03B984DF233BE03F00656CFA /* Attempt.swift */,
				03B984E1233BE16C00656CFA /* Exercise.swift */,
				033C28252346872800A73B69 /* WorkoutDay.swift */,
			);
			path = Utility;
			sourceTree = "<group>";
		};
		03FB9EAE2322FC7300F9D410 /* Templates Tab */ = {
			isa = PBXGroup;
			children = (
				030DABD32322CA0000FDC505 /* TemplateParent_VC.swift */,
				05B3505A233D64490029234D /* TemplateList_TVCell.swift */,
				03FB9EAA2322FA4E00F9D410 /* TemplateItem.swift */,
				03BB32C92325903300C712D1 /* TemplateList.swift */,
				03BB32CB2325A52F00C712D1 /* ItemDetail_VC.swift */,
			);
			path = "Templates Tab";
			sourceTree = "<group>";
		};
		03FB9EAF2322FC7E00F9D410 /* Workouts Tab */ = {
			isa = PBXGroup;
			children = (
				05CBE50C2357796D00E766F8 /* Workout_VC.swift */,
				03B2D7FF235BD22100005CC5 /* Custom Workout */,
				0583C40A235A4F70001AAFBA /* Change Template */,
				0583C408235A4F64001AAFBA /* Begin Workout */,
			);
			path = "Workouts Tab";
			sourceTree = "<group>";
		};
		03FB9EB02322FC8300F9D410 /* Progress Tab */ = {
			isa = PBXGroup;
			children = (
				03188E07232803E6007302F7 /* Progress_VC.swift */,
				03F1D0762329701700B63042 /* SelectProgressExercises_VC.swift */,
			);
			path = "Progress Tab";
			sourceTree = "<group>";
		};
		03FB9EB12322FC8900F9D410 /* Exercises Tab */ = {
			isa = PBXGroup;
			children = (
				052D409E2359153100667D2E /* Exercises_TVC.swift */,
				03B2D816235BDC6C00005CC5 /* AddExerciseToData_TVC.swift */,
			);
			path = "Exercises Tab";
			sourceTree = "<group>";
		};
		0583C408235A4F64001AAFBA /* Begin Workout */ = {
			isa = PBXGroup;
			children = (
				03B2D815235BD88600005CC5 /* Performance Views */,
				03B2D814235BD86B00005CC5 /* Exercise */,
				05CBE50E23577EA400E766F8 /* CurrentWorkout_VC.swift */,
				052D19F62343A90F003183B4 /* WorkoutList_TVCell.swift */,
				052D19F22343A6F4003183B4 /* WorkoutList.swift */,
				033C28292346893000A73B69 /* ItemDetailWorkout_VC.swift */,
				052D19F42343A789003183B4 /* WorkoutListItem_OBJ.swift */,
				03B2D800235BD2D600005CC5 /* CurrentWorkout_Exercise_TVC.swift */,
			);
			path = "Begin Workout";
			sourceTree = "<group>";
		};
		0583C40A235A4F70001AAFBA /* Change Template */ = {
			isa = PBXGroup;
			children = (
				05CBE51023577EC300E766F8 /* ChangeTemplate_VC.swift */,
				03B2D812235BD7E700005CC5 /* ChangeTemplate_TVCell.swift */,
			);
			path = "Change Template";
			sourceTree = "<group>";
		};
		0583C40B235A4F8A001AAFBA /* TM Calculator */ = {
			isa = PBXGroup;
			children = (
				05E06531235918CA00807493 /* Calced_TVCell.swift */,
				0377F5FE2357E6AE0015AEDB /* TrainingMaxCalc_VC.swift */,
				0377F6042358087B0015AEDB /* TMCell.swift */,
			);
			path = "TM Calculator";
			sourceTree = "<group>";
		};
		05CBE50B2357738600E766F8 /* Settings Tab */ = {
			isa = PBXGroup;
			children = (
				0583C40B235A4F8A001AAFBA /* TM Calculator */,
			);
			path = "Settings Tab";
			sourceTree = "<group>";
		};
/* End PBXGroup section */

/* Begin PBXNativeTarget section */
		03477ED5231DD7A200E967DE /* Training Log Plus */ = {
			isa = PBXNativeTarget;
			buildConfigurationList = 03477EE8231DD7A400E967DE /* Build configuration list for PBXNativeTarget "Training Log Plus" */;
			buildPhases = (
				03477ED2231DD7A200E967DE /* Sources */,
				03477ED3231DD7A200E967DE /* Frameworks */,
				03477ED4231DD7A200E967DE /* Resources */,
			);
			buildRules = (
			);
			dependencies = (
			);
			name = "Training Log Plus";
			productName = "Training Log Plus";
			productReference = 03477ED6231DD7A200E967DE /* Training Log Plus.app */;
			productType = "com.apple.product-type.application";
		};
/* End PBXNativeTarget section */

/* Begin PBXProject section */
		03477ECE231DD7A200E967DE /* Project object */ = {
			isa = PBXProject;
			attributes = {
				LastSwiftUpdateCheck = 1030;
				LastUpgradeCheck = 1030;
				ORGANIZATIONNAME = JoshElliott;
				TargetAttributes = {
					03477ED5231DD7A200E967DE = {
						CreatedOnToolsVersion = 10.3;
					};
				};
			};
			buildConfigurationList = 03477ED1231DD7A200E967DE /* Build configuration list for PBXProject "Training Log Plus" */;
			compatibilityVersion = "Xcode 9.3";
			developmentRegion = en;
			hasScannedForEncodings = 0;
			knownRegions = (
				en,
				Base,
			);
			mainGroup = 03477ECD231DD7A200E967DE;
			productRefGroup = 03477ED7231DD7A200E967DE /* Products */;
			projectDirPath = "";
			projectRoot = "";
			targets = (
				03477ED5231DD7A200E967DE /* Training Log Plus */,
			);
		};
/* End PBXProject section */

/* Begin PBXResourcesBuildPhase section */
		03477ED4231DD7A200E967DE /* Resources */ = {
			isa = PBXResourcesBuildPhase;
			buildActionMask = 2147483647;
			files = (
				03477EE4231DD7A400E967DE /* LaunchScreen.storyboard in Resources */,
				03477EE1231DD7A400E967DE /* Assets.xcassets in Resources */,
				03477EDF231DD7A200E967DE /* Main.storyboard in Resources */,
			);
			runOnlyForDeploymentPostprocessing = 0;
		};
/* End PBXResourcesBuildPhase section */

/* Begin PBXSourcesBuildPhase section */
		03477ED2231DD7A200E967DE /* Sources */ = {
			isa = PBXSourcesBuildPhase;
			buildActionMask = 2147483647;
			files = (
				03BB32CC2325A52F00C712D1 /* ItemDetail_VC.swift in Sources */,
				03B2D80F235BD6DB00005CC5 /* ExerciseBB_TableViewCell.swift in Sources */,
				03F1D0772329701700B63042 /* SelectProgressExercises_VC.swift in Sources */,
				030DABD42322CA0000FDC505 /* TemplateParent_VC.swift in Sources */,
				052D409F2359153100667D2E /* Exercises_TVC.swift in Sources */,
				03B2D817235BDC6C00005CC5 /* AddExerciseToData_TVC.swift in Sources */,
				0377F5FF2357E6AE0015AEDB /* TrainingMaxCalc_VC.swift in Sources */,
				03B2D801235BD2D600005CC5 /* CurrentWorkout_Exercise_TVC.swift in Sources */,
				03B2D80B235BD67400005CC5 /* BodyBuildingPerformance_TVC.swift in Sources */,
				03B2D80D235BD6C600005CC5 /* ExerciseAMRAP_TableViewCell.swift in Sources */,
				05CBE51323577ECC00E766F8 /* CustomWorkout_VC.swift in Sources */,
				03B2D809235BD5B600005CC5 /* BodyBuildingPerformance_TVCell.swift in Sources */,
				052D19F52343A789003183B4 /* WorkoutListItem_OBJ.swift in Sources */,
				03B2D805235BD38F00005CC5 /* AmrapPerformance_VC.swift in Sources */,
				033C282A2346893000A73B69 /* ItemDetailWorkout_VC.swift in Sources */,
				03BB32CA2325903300C712D1 /* TemplateList.swift in Sources */,
				03B2D811235BD6F100005CC5 /* ExerciseRepsAndDone_TableViewCell.swift in Sources */,
				052D19F32343A6F4003183B4 /* WorkoutList.swift in Sources */,
				03188E08232803E6007302F7 /* Progress_VC.swift in Sources */,
				05B3505B233D64490029234D /* TemplateList_TVCell.swift in Sources */,
				0377F6052358087B0015AEDB /* TMCell.swift in Sources */,
				03B2D807235BD58200005CC5 /* AmrapPerformance_TVCell.swift in Sources */,
				03B984E2233BE16C00656CFA /* Exercise.swift in Sources */,
				03FB9EAB2322FA4E00F9D410 /* TemplateItem.swift in Sources */,
				03B984E0233BE03F00656CFA /* Attempt.swift in Sources */,
				052D19F72343A90F003183B4 /* WorkoutList_TVCell.swift in Sources */,
				03B2D813235BD7E700005CC5 /* ChangeTemplate_TVCell.swift in Sources */,
				05CBE50D2357796D00E766F8 /* Workout_VC.swift in Sources */,
				05CBE50F23577EA400E766F8 /* CurrentWorkout_VC.swift in Sources */,
				030DABD62322D10C00FDC505 /* ViewController.swift in Sources */,
				05CBE51123577EC300E766F8 /* ChangeTemplate_VC.swift in Sources */,
				033C28262346872800A73B69 /* WorkoutDay.swift in Sources */,
				03477EDA231DD7A200E967DE /* AppDelegate.swift in Sources */,
				05E06532235918CA00807493 /* Calced_TVCell.swift in Sources */,
			);
			runOnlyForDeploymentPostprocessing = 0;
		};
/* End PBXSourcesBuildPhase section */

/* Begin PBXVariantGroup section */
		03477EDD231DD7A200E967DE /* Main.storyboard */ = {
			isa = PBXVariantGroup;
			children = (
				03477EDE231DD7A200E967DE /* Base */,
			);
			name = Main.storyboard;
			sourceTree = "<group>";
		};
		03477EE2231DD7A400E967DE /* LaunchScreen.storyboard */ = {
			isa = PBXVariantGroup;
			children = (
				03477EE3231DD7A400E967DE /* Base */,
			);
			name = LaunchScreen.storyboard;
			sourceTree = "<group>";
		};
/* End PBXVariantGroup section */

/* Begin XCBuildConfiguration section */
		03477EE6231DD7A400E967DE /* Debug */ = {
			isa = XCBuildConfiguration;
			buildSettings = {
				ALWAYS_SEARCH_USER_PATHS = NO;
				CLANG_ANALYZER_NONNULL = YES;
				CLANG_ANALYZER_NUMBER_OBJECT_CONVERSION = YES_AGGRESSIVE;
				CLANG_CXX_LANGUAGE_STANDARD = "gnu++14";
				CLANG_CXX_LIBRARY = "libc++";
				CLANG_ENABLE_MODULES = YES;
				CLANG_ENABLE_OBJC_ARC = YES;
				CLANG_ENABLE_OBJC_WEAK = YES;
				CLANG_WARN_BLOCK_CAPTURE_AUTORELEASING = YES;
				CLANG_WARN_BOOL_CONVERSION = YES;
				CLANG_WARN_COMMA = YES;
				CLANG_WARN_CONSTANT_CONVERSION = YES;
				CLANG_WARN_DEPRECATED_OBJC_IMPLEMENTATIONS = YES;
				CLANG_WARN_DIRECT_OBJC_ISA_USAGE = YES_ERROR;
				CLANG_WARN_DOCUMENTATION_COMMENTS = YES;
				CLANG_WARN_EMPTY_BODY = YES;
				CLANG_WARN_ENUM_CONVERSION = YES;
				CLANG_WARN_INFINITE_RECURSION = YES;
				CLANG_WARN_INT_CONVERSION = YES;
				CLANG_WARN_NON_LITERAL_NULL_CONVERSION = YES;
				CLANG_WARN_OBJC_IMPLICIT_RETAIN_SELF = YES;
				CLANG_WARN_OBJC_LITERAL_CONVERSION = YES;
				CLANG_WARN_OBJC_ROOT_CLASS = YES_ERROR;
				CLANG_WARN_RANGE_LOOP_ANALYSIS = YES;
				CLANG_WARN_STRICT_PROTOTYPES = YES;
				CLANG_WARN_SUSPICIOUS_MOVE = YES;
				CLANG_WARN_UNGUARDED_AVAILABILITY = YES_AGGRESSIVE;
				CLANG_WARN_UNREACHABLE_CODE = YES;
				CLANG_WARN__DUPLICATE_METHOD_MATCH = YES;
				CODE_SIGN_IDENTITY = "iPhone Developer";
				COPY_PHASE_STRIP = NO;
				DEBUG_INFORMATION_FORMAT = dwarf;
				ENABLE_STRICT_OBJC_MSGSEND = YES;
				ENABLE_TESTABILITY = YES;
				GCC_C_LANGUAGE_STANDARD = gnu11;
				GCC_DYNAMIC_NO_PIC = NO;
				GCC_NO_COMMON_BLOCKS = YES;
				GCC_OPTIMIZATION_LEVEL = 0;
				GCC_PREPROCESSOR_DEFINITIONS = (
					"DEBUG=1",
					"$(inherited)",
				);
				GCC_WARN_64_TO_32_BIT_CONVERSION = YES;
				GCC_WARN_ABOUT_RETURN_TYPE = YES_ERROR;
				GCC_WARN_UNDECLARED_SELECTOR = YES;
				GCC_WARN_UNINITIALIZED_AUTOS = YES_AGGRESSIVE;
				GCC_WARN_UNUSED_FUNCTION = YES;
				GCC_WARN_UNUSED_VARIABLE = YES;
				IPHONEOS_DEPLOYMENT_TARGET = 12.2;
				MTL_ENABLE_DEBUG_INFO = INCLUDE_SOURCE;
				MTL_FAST_MATH = YES;
				ONLY_ACTIVE_ARCH = YES;
				SDKROOT = iphoneos;
				SWIFT_ACTIVE_COMPILATION_CONDITIONS = DEBUG;
				SWIFT_OPTIMIZATION_LEVEL = "-Onone";
			};
			name = Debug;
		};
		03477EE7231DD7A400E967DE /* Release */ = {
			isa = XCBuildConfiguration;
			buildSettings = {
				ALWAYS_SEARCH_USER_PATHS = NO;
				CLANG_ANALYZER_NONNULL = YES;
				CLANG_ANALYZER_NUMBER_OBJECT_CONVERSION = YES_AGGRESSIVE;
				CLANG_CXX_LANGUAGE_STANDARD = "gnu++14";
				CLANG_CXX_LIBRARY = "libc++";
				CLANG_ENABLE_MODULES = YES;
				CLANG_ENABLE_OBJC_ARC = YES;
				CLANG_ENABLE_OBJC_WEAK = YES;
				CLANG_WARN_BLOCK_CAPTURE_AUTORELEASING = YES;
				CLANG_WARN_BOOL_CONVERSION = YES;
				CLANG_WARN_COMMA = YES;
				CLANG_WARN_CONSTANT_CONVERSION = YES;
				CLANG_WARN_DEPRECATED_OBJC_IMPLEMENTATIONS = YES;
				CLANG_WARN_DIRECT_OBJC_ISA_USAGE = YES_ERROR;
				CLANG_WARN_DOCUMENTATION_COMMENTS = YES;
				CLANG_WARN_EMPTY_BODY = YES;
				CLANG_WARN_ENUM_CONVERSION = YES;
				CLANG_WARN_INFINITE_RECURSION = YES;
				CLANG_WARN_INT_CONVERSION = YES;
				CLANG_WARN_NON_LITERAL_NULL_CONVERSION = YES;
				CLANG_WARN_OBJC_IMPLICIT_RETAIN_SELF = YES;
				CLANG_WARN_OBJC_LITERAL_CONVERSION = YES;
				CLANG_WARN_OBJC_ROOT_CLASS = YES_ERROR;
				CLANG_WARN_RANGE_LOOP_ANALYSIS = YES;
				CLANG_WARN_STRICT_PROTOTYPES = YES;
				CLANG_WARN_SUSPICIOUS_MOVE = YES;
				CLANG_WARN_UNGUARDED_AVAILABILITY = YES_AGGRESSIVE;
				CLANG_WARN_UNREACHABLE_CODE = YES;
				CLANG_WARN__DUPLICATE_METHOD_MATCH = YES;
				CODE_SIGN_IDENTITY = "iPhone Developer";
				COPY_PHASE_STRIP = NO;
				DEBUG_INFORMATION_FORMAT = "dwarf-with-dsym";
				ENABLE_NS_ASSERTIONS = NO;
				ENABLE_STRICT_OBJC_MSGSEND = YES;
				GCC_C_LANGUAGE_STANDARD = gnu11;
				GCC_NO_COMMON_BLOCKS = YES;
				GCC_WARN_64_TO_32_BIT_CONVERSION = YES;
				GCC_WARN_ABOUT_RETURN_TYPE = YES_ERROR;
				GCC_WARN_UNDECLARED_SELECTOR = YES;
				GCC_WARN_UNINITIALIZED_AUTOS = YES_AGGRESSIVE;
				GCC_WARN_UNUSED_FUNCTION = YES;
				GCC_WARN_UNUSED_VARIABLE = YES;
				IPHONEOS_DEPLOYMENT_TARGET = 12.2;
				MTL_ENABLE_DEBUG_INFO = NO;
				MTL_FAST_MATH = YES;
				SDKROOT = iphoneos;
				SWIFT_COMPILATION_MODE = wholemodule;
				SWIFT_OPTIMIZATION_LEVEL = "-O";
				VALIDATE_PRODUCT = YES;
			};
			name = Release;
		};
		03477EE9231DD7A400E967DE /* Debug */ = {
			isa = XCBuildConfiguration;
			buildSettings = {
				ASSETCATALOG_COMPILER_APPICON_NAME = AppIcon;
				CODE_SIGN_STYLE = Automatic;
				DEVELOPMENT_TEAM = 4MH2B6B39D;
				INFOPLIST_FILE = "Training Log Plus/Info.plist";
				LD_RUNPATH_SEARCH_PATHS = (
					"$(inherited)",
					"@executable_path/Frameworks",
				);
				PRODUCT_BUNDLE_IDENTIFIER = "com.JoshElliott.Training-Log-Plus";
				PRODUCT_NAME = "$(TARGET_NAME)";
				SWIFT_VERSION = 5.0;
				TARGETED_DEVICE_FAMILY = "1,2";
			};
			name = Debug;
		};
		03477EEA231DD7A400E967DE /* Release */ = {
			isa = XCBuildConfiguration;
			buildSettings = {
				ASSETCATALOG_COMPILER_APPICON_NAME = AppIcon;
				CODE_SIGN_STYLE = Automatic;
				DEVELOPMENT_TEAM = 4MH2B6B39D;
				INFOPLIST_FILE = "Training Log Plus/Info.plist";
				LD_RUNPATH_SEARCH_PATHS = (
					"$(inherited)",
					"@executable_path/Frameworks",
				);
				PRODUCT_BUNDLE_IDENTIFIER = "com.JoshElliott.Training-Log-Plus";
				PRODUCT_NAME = "$(TARGET_NAME)";
				SWIFT_VERSION = 5.0;
				TARGETED_DEVICE_FAMILY = "1,2";
			};
			name = Release;
		};
/* End XCBuildConfiguration section */

/* Begin XCConfigurationList section */
		03477ED1231DD7A200E967DE /* Build configuration list for PBXProject "Training Log Plus" */ = {
			isa = XCConfigurationList;
			buildConfigurations = (
				03477EE6231DD7A400E967DE /* Debug */,
				03477EE7231DD7A400E967DE /* Release */,
			);
			defaultConfigurationIsVisible = 0;
			defaultConfigurationName = Release;
		};
		03477EE8231DD7A400E967DE /* Build configuration list for PBXNativeTarget "Training Log Plus" */ = {
			isa = XCConfigurationList;
			buildConfigurations = (
				03477EE9231DD7A400E967DE /* Debug */,
				03477EEA231DD7A400E967DE /* Release */,
			);
			defaultConfigurationIsVisible = 0;
			defaultConfigurationName = Release;
		};
/* End XCConfigurationList section */
	};
	rootObject = 03477ECE231DD7A200E967DE /* Project object */;
}
